{
  "name": "examples",
  "version": "1.0.0",
  "lockfileVersion": 1,
  "requires": true,
  "dependencies": {
    "@emmetio/abbreviation": {
      "version": "0.6.3",
      "resolved": "https://registry.npmjs.org/@emmetio/abbreviation/-/abbreviation-0.6.3.tgz",
      "integrity": "sha1-oLlXsBjhJhKy3ffyd4VdVwpNKhA=",
      "requires": {
        "@emmetio/node": "0.1.2",
        "@emmetio/stream-reader": "2.2.0",
        "@emmetio/stream-reader-utils": "0.1.0"
      }
    },
    "@emmetio/codemirror-plugin": {
      "version": "0.3.5",
      "resolved": "https://registry.npmjs.org/@emmetio/codemirror-plugin/-/codemirror-plugin-0.3.5.tgz",
      "integrity": "sha1-V5hVdpFmKS4a0lSF/jxWkVBifv4=",
      "requires": {
        "@emmetio/css-snippets-resolver": "0.2.7",
        "@emmetio/expand-abbreviation": "0.5.9",
        "@emmetio/extract-abbreviation": "0.1.3",
        "@emmetio/html-matcher": "0.3.3",
        "@emmetio/stream-reader": "2.2.0"
      }
    },
    "@emmetio/css-abbreviation": {
      "version": "0.3.1",
      "resolved": "https://registry.npmjs.org/@emmetio/css-abbreviation/-/css-abbreviation-0.3.1.tgz",
      "integrity": "sha1-yM5WMYv1+NWrXj0nYL1QvKLKiIg=",
      "requires": {
        "@emmetio/node": "0.1.2",
        "@emmetio/stream-reader": "2.2.0",
        "@emmetio/stream-reader-utils": "0.1.0"
      }
    },
    "@emmetio/css-snippets-resolver": {
      "version": "0.2.7",
      "resolved": "https://registry.npmjs.org/@emmetio/css-snippets-resolver/-/css-snippets-resolver-0.2.7.tgz",
      "integrity": "sha1-2sAiZQ+JxZBB63X1LFqPEBjYOMk="
    },
    "@emmetio/expand-abbreviation": {
      "version": "0.5.9",
      "resolved": "https://registry.npmjs.org/@emmetio/expand-abbreviation/-/expand-abbreviation-0.5.9.tgz",
      "integrity": "sha512-jtK5HdI5nxhEckGm8D58cKDaCdaLmYtkSvwE7yguLiR5P8KtfEK304gUBeno4ZtuaN6kZ/eLysYuI2BlB/fSHQ==",
      "requires": {
        "@emmetio/abbreviation": "0.6.3",
        "@emmetio/css-abbreviation": "0.3.1",
        "@emmetio/css-snippets-resolver": "0.3.0",
        "@emmetio/html-snippets-resolver": "0.1.4",
        "@emmetio/html-transform": "0.3.8",
        "@emmetio/lorem": "1.0.2",
        "@emmetio/markup-formatters": "0.3.3",
        "@emmetio/output-profile": "0.1.5",
        "@emmetio/snippets": "0.2.8",
        "@emmetio/snippets-registry": "0.3.1",
        "@emmetio/stylesheet-formatters": "0.1.5",
        "@emmetio/variable-resolver": "0.2.1"
      },
      "dependencies": {
        "@emmetio/css-snippets-resolver": {
          "version": "0.3.0",
          "resolved": "https://registry.npmjs.org/@emmetio/css-snippets-resolver/-/css-snippets-resolver-0.3.0.tgz",
          "integrity": "sha1-8CrskeQjWm84Jvgc9yY4copZJVY="
        }
      }
    },
    "@emmetio/extract-abbreviation": {
      "version": "0.1.3",
      "resolved": "https://registry.npmjs.org/@emmetio/extract-abbreviation/-/extract-abbreviation-0.1.3.tgz",
      "integrity": "sha1-3AC/SI3fhqKoLKlfssy1db2DL2g="
    },
    "@emmetio/field-parser": {
      "version": "0.3.0",
      "resolved": "https://registry.npmjs.org/@emmetio/field-parser/-/field-parser-0.3.0.tgz",
      "integrity": "sha1-enz1HDma6nuuRV4Pzz6zKPjAwhU=",
      "requires": {
        "@emmetio/stream-reader": "2.2.0",
        "@emmetio/stream-reader-utils": "0.1.0"
      }
    },
    "@emmetio/html-matcher": {
      "version": "0.3.3",
      "resolved": "https://registry.npmjs.org/@emmetio/html-matcher/-/html-matcher-0.3.3.tgz",
      "integrity": "sha1-C72twIguGFlQ8Dc33G2/j3vZByg=",
      "requires": {
        "@emmetio/stream-reader": "2.2.0",
        "@emmetio/stream-reader-utils": "0.1.0"
      }
    },
    "@emmetio/html-snippets-resolver": {
      "version": "0.1.4",
      "resolved": "https://registry.npmjs.org/@emmetio/html-snippets-resolver/-/html-snippets-resolver-0.1.4.tgz",
      "integrity": "sha1-szrT+nj9eNZLlL+Iqftos62Ojn4=",
      "requires": {
        "@emmetio/abbreviation": "0.6.3"
      }
    },
    "@emmetio/html-transform": {
      "version": "0.3.8",
      "resolved": "https://registry.npmjs.org/@emmetio/html-transform/-/html-transform-0.3.8.tgz",
      "integrity": "sha1-ZszJaqdHILW/RSZl794c8H/zzwA=",
      "requires": {
        "@emmetio/implicit-tag": "1.0.0"
      }
    },
    "@emmetio/implicit-tag": {
      "version": "1.0.0",
      "resolved": "https://registry.npmjs.org/@emmetio/implicit-tag/-/implicit-tag-1.0.0.tgz",
      "integrity": "sha1-+CbU4fxR2jlDTCMmtvbQ4rLntBk="
    },
    "@emmetio/lorem": {
      "version": "1.0.2",
      "resolved": "https://registry.npmjs.org/@emmetio/lorem/-/lorem-1.0.2.tgz",
      "integrity": "sha1-jealcY85Fy6n0iUypbDTu9EAg9w=",
      "requires": {
        "@emmetio/implicit-tag": "1.0.0"
      }
    },
    "@emmetio/markup-formatters": {
      "version": "0.3.3",
      "resolved": "https://registry.npmjs.org/@emmetio/markup-formatters/-/markup-formatters-0.3.3.tgz",
      "integrity": "sha1-tobAWpeG1Ilr5kdk/yOl5A2vY9w=",
      "requires": {
        "@emmetio/field-parser": "0.3.0",
        "@emmetio/output-renderer": "0.1.2"
      }
    },
    "@emmetio/node": {
      "version": "0.1.2",
      "resolved": "https://registry.npmjs.org/@emmetio/node/-/node-0.1.2.tgz",
      "integrity": "sha1-QjHVOMRUgaUYNfwquj9dn8EpY0w="
    },
    "@emmetio/output-profile": {
      "version": "0.1.5",
      "resolved": "https://registry.npmjs.org/@emmetio/output-profile/-/output-profile-0.1.5.tgz",
      "integrity": "sha1-Uok6c8GSTuS0FUqfjZdyuJxPYd0="
    },
    "@emmetio/output-renderer": {
      "version": "0.1.2",
      "resolved": "https://registry.npmjs.org/@emmetio/output-renderer/-/output-renderer-0.1.2.tgz",
      "integrity": "sha1-Ds4RrM6SmFB4aK7SGrUlPh6wgvg=",
      "requires": {
        "@emmetio/field-parser": "0.3.0"
      }
    },
    "@emmetio/snippets": {
      "version": "0.2.8",
      "resolved": "https://registry.npmjs.org/@emmetio/snippets/-/snippets-0.2.8.tgz",
      "integrity": "sha512-8IH59LSUlcBCTaeW1/YutMmG3u7rK/90sonqISRZOaImPJQG8btMqPPvYTzql9Z/Mo3X8SLSfRHh9NzkqCZ3bA=="
    },
    "@emmetio/snippets-registry": {
      "version": "0.3.1",
      "resolved": "https://registry.npmjs.org/@emmetio/snippets-registry/-/snippets-registry-0.3.1.tgz",
      "integrity": "sha1-7A6KEi/paDZZzmmiI5b0E2uUDSA="
    },
    "@emmetio/stream-reader": {
      "version": "2.2.0",
      "resolved": "https://registry.npmjs.org/@emmetio/stream-reader/-/stream-reader-2.2.0.tgz",
      "integrity": "sha1-Rs/+oRmgoAMxKiHC2bVijLX81EI="
    },
    "@emmetio/stream-reader-utils": {
      "version": "0.1.0",
      "resolved": "https://registry.npmjs.org/@emmetio/stream-reader-utils/-/stream-reader-utils-0.1.0.tgz",
      "integrity": "sha1-JEywLHfsLnT3ipvTGCGKvJxQCmE="
    },
    "@emmetio/stylesheet-formatters": {
      "version": "0.1.5",
      "resolved": "https://registry.npmjs.org/@emmetio/stylesheet-formatters/-/stylesheet-formatters-0.1.5.tgz",
      "integrity": "sha1-sSoPG922dRoPGtM0/KG5B+uzTyw=",
      "requires": {
        "@emmetio/field-parser": "0.3.0",
        "@emmetio/output-renderer": "0.1.2"
      }
    },
    "@emmetio/variable-resolver": {
      "version": "0.2.1",
      "resolved": "https://registry.npmjs.org/@emmetio/variable-resolver/-/variable-resolver-0.2.1.tgz",
      "integrity": "sha1-zhG1FYRmmjQJhmkM8OwmnkTGP7o="
    }
  }
}
